
Microsoft Visual Studio Solution File, Format Version 12.00
# Visual Studio Version 17
VisualStudioVersion = 17.13.35825.156 d17.13
MinimumVisualStudioVersion = 10.0.40219.1
Project("{FAE04EC0-301F-11D3-BF4B-00C04F79EFBC}") = "CatalogService", "CatalogService.csproj", "{F2F74344-BF52-42DA-993F-35249D96C5B6}"
EndProject
Global
	GlobalSection(SolutionConfigurationPlatforms) = preSolution
		Debug|Any CPU = Debug|Any CPU
		Release|Any CPU = Release|Any CPU
	EndGlobalSection
	GlobalSection(ProjectConfigurationPlatforms) = postSolution
		{F2F74344-BF52-42DA-993F-35249D96C5B6}.Debug|Any CPU.ActiveCfg = Debug|Any CPU
		{F2F74344-BF52-42DA-993F-35249D96C5B6}.Debug|Any CPU.Build.0 = Debug|Any CPU
		{F2F74344-BF52-42DA-993F-35249D96C5B6}.Release|Any CPU.ActiveCfg = Release|Any CPU
		{F2F74344-BF52-42DA-993F-35249D96C5B6}.Release|Any CPU.Build.0 = Release|Any CPU
	EndGlobalSection
	GlobalSection(SolutionProperties) = preSolution
		HideSolutionNode = FALSE
	EndGlobalSection
	GlobalSection(ExtensibilityGlobals) = postSolution
		SolutionGuid = {7397AF5B-2E21-4624-8B73-C7B1D3057E13}
	EndGlobalSection
EndGlobal
